
Microsoft Visual Studio Solution File, Format Version 12.00
# Visual Studio Version 16
VisualStudioVersion = 16.0.810.7
MinimumVisualStudioVersion = 10.0.40219.1
Project("{FAE04EC0-301F-11D3-BF4B-00C04F79EFBC}") = "FOPCSConsolidated", "FOPCSConsolidated\FOPCSConsolidated.csproj", "{CD63128C-9BB3-4D76-BA3F-04334C7E3E7D}"
EndProject
Global
	GlobalSection(SolutionConfigurationPlatforms) = preSolution
		Debug|Any CPU = Debug|Any CPU
		Release|Any CPU = Release|Any CPU
	EndGlobalSection
	GlobalSection(ProjectConfigurationPlatforms) = postSolution
		{CD63128C-9BB3-4D76-BA3F-04334C7E3E7D}.Debug|Any CPU.ActiveCfg = Debug|Any CPU
		{CD63128C-9BB3-4D76-BA3F-04334C7E3E7D}.Debug|Any CPU.Build.0 = Debug|Any CPU
		{CD63128C-9BB3-4D76-BA3F-04334C7E3E7D}.Release|Any CPU.ActiveCfg = Release|Any CPU
		{CD63128C-9BB3-4D76-BA3F-04334C7E3E7D}.Release|Any CPU.Build.0 = Release|Any CPU
	EndGlobalSection
	GlobalSection(SolutionProperties) = preSolution
		HideSolutionNode = FALSE
	EndGlobalSection
	GlobalSection(ExtensibilityGlobals) = postSolution
		SolutionGuid = {597B1A22-7072-4A84-80F3-37F24C16D2D6}
	EndGlobalSection
EndGlobal
