
Microsoft Visual Studio Solution File, Format Version 12.00
# Visual Studio Version 16
VisualStudioVersion = 16.0.810.7
MinimumVisualStudioVersion = 10.0.40219.1
Project("{FAE04EC0-301F-11D3-BF4B-00C04F79EFBC}") = "FOPCSConsolidated", "FOPCSConsolidated\FOPCSConsolidated.csproj", "{CD63128C-9BB3-4D76-BA3F-04334C7E3E7D}"
EndProject
Project("{FAE04EC0-301F-11D3-BF4B-00C04F79EFBC}") = "FOPCSDay1", "FOPCSDay1\FOPCSDay1.csproj", "{F4DEED49-A9E5-4509-A13E-8432EC4446E4}"
EndProject
Project("{FAE04EC0-301F-11D3-BF4B-00C04F79EFBC}") = "ExerciseA", "ExerciseA\ExerciseA.csproj", "{A220D5C2-9A36-42A5-8D70-EB39F5E4B34B}"
EndProject
Project("{FAE04EC0-301F-11D3-BF4B-00C04F79EFBC}") = "Day3Quiz", "Day3Quiz\Day3Quiz.csproj", "{CFEFE800-A2A4-4FCF-B373-2D01182370ED}"
EndProject
Project("{FAE04EC0-301F-11D3-BF4B-00C04F79EFBC}") = "ExerciseC", "ExerciseC\ExerciseC.csproj", "{3BAF2C39-01C5-4F72-82B6-95D332668074}"
EndProject
Project("{FAE04EC0-301F-11D3-BF4B-00C04F79EFBC}") = "ExerciseE", "ExerciseE\ExerciseE.csproj", "{B051D485-C285-4357-8191-6DA72043646E}"
EndProject
Project("{FAE04EC0-301F-11D3-BF4B-00C04F79EFBC}") = "FOPCSDay4", "FOPCSDay4\FOPCSDay4.csproj", "{5B05DFEA-8C87-4E8B-84A5-6A3242A803C2}"
EndProject
Project("{FAE04EC0-301F-11D3-BF4B-00C04F79EFBC}") = "ExerciseF", "ExerciseF\ExerciseF.csproj", "{C658FAFF-795F-4B19-90B4-74ED465A8875}"
EndProject
Project("{FAE04EC0-301F-11D3-BF4B-00C04F79EFBC}") = "Day4Quiz", "Day4Quiz\Day4Quiz.csproj", "{8B69EC1B-C536-483C-AC07-23B7DF585175}"
EndProject
Project("{FAE04EC0-301F-11D3-BF4B-00C04F79EFBC}") = "FOPCSDay5", "FOPCSDay5\FOPCSDay5.csproj", "{1F341625-B265-4A41-B4D3-72C8123404F4}"
EndProject
Project("{FAE04EC0-301F-11D3-BF4B-00C04F79EFBC}") = "Day5Quiz", "Day5Quiz\Day5Quiz.csproj", "{C7FB7E4C-A57D-42C9-8E42-893299772127}"
EndProject
Project("{FAE04EC0-301F-11D3-BF4B-00C04F79EFBC}") = "ExerciseG", "ExerciseG\ExerciseG.csproj", "{311038BD-7D22-496F-84B4-BD4A01E52221}"
EndProject
Project("{FAE04EC0-301F-11D3-BF4B-00C04F79EFBC}") = "FOPCSDay1_2", "FOPCSDay1_2\FOPCSDay1_2.csproj", "{2D2285AE-46B1-4183-8406-F7384858C4C7}"
EndProject
Project("{FAE04EC0-301F-11D3-BF4B-00C04F79EFBC}") = "Day2Quiz", "Day2Quiz\Day2Quiz.csproj", "{0B6CD850-8BDC-4DA4-B2A7-82707F53E255}"
EndProject
Project("{FAE04EC0-301F-11D3-BF4B-00C04F79EFBC}") = "ExerciseH", "ExerciseH\ExerciseH.csproj", "{53FB9848-363D-4E75-81F6-9F55FEC42E18}"
EndProject
Global
	GlobalSection(SolutionConfigurationPlatforms) = preSolution
		Debug|Any CPU = Debug|Any CPU
		Release|Any CPU = Release|Any CPU
	EndGlobalSection
	GlobalSection(ProjectConfigurationPlatforms) = postSolution
		{CD63128C-9BB3-4D76-BA3F-04334C7E3E7D}.Debug|Any CPU.ActiveCfg = Debug|Any CPU
		{CD63128C-9BB3-4D76-BA3F-04334C7E3E7D}.Debug|Any CPU.Build.0 = Debug|Any CPU
		{CD63128C-9BB3-4D76-BA3F-04334C7E3E7D}.Release|Any CPU.ActiveCfg = Release|Any CPU
		{CD63128C-9BB3-4D76-BA3F-04334C7E3E7D}.Release|Any CPU.Build.0 = Release|Any CPU
		{F4DEED49-A9E5-4509-A13E-8432EC4446E4}.Debug|Any CPU.ActiveCfg = Debug|Any CPU
		{F4DEED49-A9E5-4509-A13E-8432EC4446E4}.Debug|Any CPU.Build.0 = Debug|Any CPU
		{F4DEED49-A9E5-4509-A13E-8432EC4446E4}.Release|Any CPU.ActiveCfg = Release|Any CPU
		{F4DEED49-A9E5-4509-A13E-8432EC4446E4}.Release|Any CPU.Build.0 = Release|Any CPU
		{A220D5C2-9A36-42A5-8D70-EB39F5E4B34B}.Debug|Any CPU.ActiveCfg = Debug|Any CPU
		{A220D5C2-9A36-42A5-8D70-EB39F5E4B34B}.Debug|Any CPU.Build.0 = Debug|Any CPU
		{A220D5C2-9A36-42A5-8D70-EB39F5E4B34B}.Release|Any CPU.ActiveCfg = Release|Any CPU
		{A220D5C2-9A36-42A5-8D70-EB39F5E4B34B}.Release|Any CPU.Build.0 = Release|Any CPU
		{CFEFE800-A2A4-4FCF-B373-2D01182370ED}.Debug|Any CPU.ActiveCfg = Debug|Any CPU
		{CFEFE800-A2A4-4FCF-B373-2D01182370ED}.Debug|Any CPU.Build.0 = Debug|Any CPU
		{CFEFE800-A2A4-4FCF-B373-2D01182370ED}.Release|Any CPU.ActiveCfg = Release|Any CPU
		{CFEFE800-A2A4-4FCF-B373-2D01182370ED}.Release|Any CPU.Build.0 = Release|Any CPU
		{3BAF2C39-01C5-4F72-82B6-95D332668074}.Debug|Any CPU.ActiveCfg = Debug|Any CPU
		{3BAF2C39-01C5-4F72-82B6-95D332668074}.Debug|Any CPU.Build.0 = Debug|Any CPU
		{3BAF2C39-01C5-4F72-82B6-95D332668074}.Release|Any CPU.ActiveCfg = Release|Any CPU
		{3BAF2C39-01C5-4F72-82B6-95D332668074}.Release|Any CPU.Build.0 = Release|Any CPU
		{B051D485-C285-4357-8191-6DA72043646E}.Debug|Any CPU.ActiveCfg = Debug|Any CPU
		{B051D485-C285-4357-8191-6DA72043646E}.Debug|Any CPU.Build.0 = Debug|Any CPU
		{B051D485-C285-4357-8191-6DA72043646E}.Release|Any CPU.ActiveCfg = Release|Any CPU
		{B051D485-C285-4357-8191-6DA72043646E}.Release|Any CPU.Build.0 = Release|Any CPU
		{5B05DFEA-8C87-4E8B-84A5-6A3242A803C2}.Debug|Any CPU.ActiveCfg = Debug|Any CPU
		{5B05DFEA-8C87-4E8B-84A5-6A3242A803C2}.Debug|Any CPU.Build.0 = Debug|Any CPU
		{5B05DFEA-8C87-4E8B-84A5-6A3242A803C2}.Release|Any CPU.ActiveCfg = Release|Any CPU
		{5B05DFEA-8C87-4E8B-84A5-6A3242A803C2}.Release|Any CPU.Build.0 = Release|Any CPU
		{C658FAFF-795F-4B19-90B4-74ED465A8875}.Debug|Any CPU.ActiveCfg = Debug|Any CPU
		{C658FAFF-795F-4B19-90B4-74ED465A8875}.Debug|Any CPU.Build.0 = Debug|Any CPU
		{C658FAFF-795F-4B19-90B4-74ED465A8875}.Release|Any CPU.ActiveCfg = Release|Any CPU
		{C658FAFF-795F-4B19-90B4-74ED465A8875}.Release|Any CPU.Build.0 = Release|Any CPU
		{8B69EC1B-C536-483C-AC07-23B7DF585175}.Debug|Any CPU.ActiveCfg = Debug|Any CPU
		{8B69EC1B-C536-483C-AC07-23B7DF585175}.Debug|Any CPU.Build.0 = Debug|Any CPU
		{8B69EC1B-C536-483C-AC07-23B7DF585175}.Release|Any CPU.ActiveCfg = Release|Any CPU
		{8B69EC1B-C536-483C-AC07-23B7DF585175}.Release|Any CPU.Build.0 = Release|Any CPU
		{1F341625-B265-4A41-B4D3-72C8123404F4}.Debug|Any CPU.ActiveCfg = Debug|Any CPU
		{1F341625-B265-4A41-B4D3-72C8123404F4}.Debug|Any CPU.Build.0 = Debug|Any CPU
		{1F341625-B265-4A41-B4D3-72C8123404F4}.Release|Any CPU.ActiveCfg = Release|Any CPU
		{1F341625-B265-4A41-B4D3-72C8123404F4}.Release|Any CPU.Build.0 = Release|Any CPU
		{C7FB7E4C-A57D-42C9-8E42-893299772127}.Debug|Any CPU.ActiveCfg = Debug|Any CPU
		{C7FB7E4C-A57D-42C9-8E42-893299772127}.Debug|Any CPU.Build.0 = Debug|Any CPU
		{C7FB7E4C-A57D-42C9-8E42-893299772127}.Release|Any CPU.ActiveCfg = Release|Any CPU
		{C7FB7E4C-A57D-42C9-8E42-893299772127}.Release|Any CPU.Build.0 = Release|Any CPU
		{311038BD-7D22-496F-84B4-BD4A01E52221}.Debug|Any CPU.ActiveCfg = Debug|Any CPU
		{311038BD-7D22-496F-84B4-BD4A01E52221}.Debug|Any CPU.Build.0 = Debug|Any CPU
		{311038BD-7D22-496F-84B4-BD4A01E52221}.Release|Any CPU.ActiveCfg = Release|Any CPU
		{311038BD-7D22-496F-84B4-BD4A01E52221}.Release|Any CPU.Build.0 = Release|Any CPU
		{2D2285AE-46B1-4183-8406-F7384858C4C7}.Debug|Any CPU.ActiveCfg = Debug|Any CPU
		{2D2285AE-46B1-4183-8406-F7384858C4C7}.Debug|Any CPU.Build.0 = Debug|Any CPU
		{2D2285AE-46B1-4183-8406-F7384858C4C7}.Release|Any CPU.ActiveCfg = Release|Any CPU
		{2D2285AE-46B1-4183-8406-F7384858C4C7}.Release|Any CPU.Build.0 = Release|Any CPU
		{0B6CD850-8BDC-4DA4-B2A7-82707F53E255}.Debug|Any CPU.ActiveCfg = Debug|Any CPU
		{0B6CD850-8BDC-4DA4-B2A7-82707F53E255}.Debug|Any CPU.Build.0 = Debug|Any CPU
		{0B6CD850-8BDC-4DA4-B2A7-82707F53E255}.Release|Any CPU.ActiveCfg = Release|Any CPU
		{0B6CD850-8BDC-4DA4-B2A7-82707F53E255}.Release|Any CPU.Build.0 = Release|Any CPU
		{53FB9848-363D-4E75-81F6-9F55FEC42E18}.Debug|Any CPU.ActiveCfg = Debug|Any CPU
		{53FB9848-363D-4E75-81F6-9F55FEC42E18}.Debug|Any CPU.Build.0 = Debug|Any CPU
		{53FB9848-363D-4E75-81F6-9F55FEC42E18}.Release|Any CPU.ActiveCfg = Release|Any CPU
		{53FB9848-363D-4E75-81F6-9F55FEC42E18}.Release|Any CPU.Build.0 = Release|Any CPU
	EndGlobalSection
	GlobalSection(SolutionProperties) = preSolution
		HideSolutionNode = FALSE
	EndGlobalSection
	GlobalSection(ExtensibilityGlobals) = postSolution
		SolutionGuid = {597B1A22-7072-4A84-80F3-37F24C16D2D6}
	EndGlobalSection
EndGlobal
