
Microsoft Visual Studio Solution File, Format Version 12.00
# Visual Studio Version 16
VisualStudioVersion = 16.0.810.7
MinimumVisualStudioVersion = 10.0.40219.1
Project("{FAE04EC0-301F-11D3-BF4B-00C04F79EFBC}") = "ExerciseF", "ExerciseF\ExerciseF.csproj", "{1376CBF1-07E5-4E9A-A453-57E91618DCFC}"
EndProject
Project("{FAE04EC0-301F-11D3-BF4B-00C04F79EFBC}") = "ClassNotes", "ClassNotes\ClassNotes.csproj", "{5F7A7E82-BEEB-470C-BB3A-939051F85100}"
EndProject
Project("{FAE04EC0-301F-11D3-BF4B-00C04F79EFBC}") = "Quiz", "Quiz\Quiz.csproj", "{DD983ADD-921B-4127-8D6B-BA52B45F83FE}"
EndProject
Global
	GlobalSection(SolutionConfigurationPlatforms) = preSolution
		Debug|Any CPU = Debug|Any CPU
		Release|Any CPU = Release|Any CPU
	EndGlobalSection
	GlobalSection(ProjectConfigurationPlatforms) = postSolution
		{1376CBF1-07E5-4E9A-A453-57E91618DCFC}.Debug|Any CPU.ActiveCfg = Debug|Any CPU
		{1376CBF1-07E5-4E9A-A453-57E91618DCFC}.Debug|Any CPU.Build.0 = Debug|Any CPU
		{1376CBF1-07E5-4E9A-A453-57E91618DCFC}.Release|Any CPU.ActiveCfg = Release|Any CPU
		{1376CBF1-07E5-4E9A-A453-57E91618DCFC}.Release|Any CPU.Build.0 = Release|Any CPU
		{5F7A7E82-BEEB-470C-BB3A-939051F85100}.Debug|Any CPU.ActiveCfg = Debug|Any CPU
		{5F7A7E82-BEEB-470C-BB3A-939051F85100}.Debug|Any CPU.Build.0 = Debug|Any CPU
		{5F7A7E82-BEEB-470C-BB3A-939051F85100}.Release|Any CPU.ActiveCfg = Release|Any CPU
		{5F7A7E82-BEEB-470C-BB3A-939051F85100}.Release|Any CPU.Build.0 = Release|Any CPU
		{DD983ADD-921B-4127-8D6B-BA52B45F83FE}.Debug|Any CPU.ActiveCfg = Debug|Any CPU
		{DD983ADD-921B-4127-8D6B-BA52B45F83FE}.Debug|Any CPU.Build.0 = Debug|Any CPU
		{DD983ADD-921B-4127-8D6B-BA52B45F83FE}.Release|Any CPU.ActiveCfg = Release|Any CPU
		{DD983ADD-921B-4127-8D6B-BA52B45F83FE}.Release|Any CPU.Build.0 = Release|Any CPU
	EndGlobalSection
	GlobalSection(SolutionProperties) = preSolution
		HideSolutionNode = FALSE
	EndGlobalSection
	GlobalSection(ExtensibilityGlobals) = postSolution
		SolutionGuid = {860F9779-1D64-4B5D-8CE5-7A0058672446}
	EndGlobalSection
EndGlobal
